
Microsoft Visual Studio Solution File, Format Version 12.00
# Visual Studio Version 16
VisualStudioVersion = 16.0.30907.101
MinimumVisualStudioVersion = 10.0.40219.1
Project("{9A19103F-16F7-4668-BE54-9A1E7A4F7556}") = "ElectronServerBlazorEf", "ElectronServerBlazorEf.csproj", "{2320E037-B25B-49C8-B396-8EF3B3241C0D}"
EndProject
Global
	GlobalSection(SolutionConfigurationPlatforms) = preSolution
		Debug|Any CPU = Debug|Any CPU
		Release|Any CPU = Release|Any CPU
	EndGlobalSection
	GlobalSection(ProjectConfigurationPlatforms) = postSolution
		{2320E037-B25B-49C8-B396-8EF3B3241C0D}.Debug|Any CPU.ActiveCfg = Debug|Any CPU
		{2320E037-B25B-49C8-B396-8EF3B3241C0D}.Debug|Any CPU.Build.0 = Debug|Any CPU
		{2320E037-B25B-49C8-B396-8EF3B3241C0D}.Release|Any CPU.ActiveCfg = Release|Any CPU
		{2320E037-B25B-49C8-B396-8EF3B3241C0D}.Release|Any CPU.Build.0 = Release|Any CPU
	EndGlobalSection
	GlobalSection(SolutionProperties) = preSolution
		HideSolutionNode = FALSE
	EndGlobalSection
	GlobalSection(ExtensibilityGlobals) = postSolution
		SolutionGuid = {A5CAA2B6-A605-4B29-B8AF-BD7A08C4B535}
	EndGlobalSection
EndGlobal
